// !$*UTF8*$!
{
	archiveVersion = 1;
	classes = {
	};
	objectVersion = 51;
	objects = {

/* Begin PBXBuildFile section */
		8D004B5321786011004F22F8 /* TargetBuild.swift in Sources */ = {isa = PBXBuildFile; fileRef = 8D004B5221786011004F22F8 /* TargetBuild.swift */; };
		8D004B5621786522004F22F8 /* BuildPhases.swift in Sources */ = {isa = PBXBuildFile; fileRef = 8D004B5521786522004F22F8 /* BuildPhases.swift */; };
		8D004B5921788DDC004F22F8 /* BuildDependencies.swift in Sources */ = {isa = PBXBuildFile; fileRef = 8D004B5821788DDC004F22F8 /* BuildDependencies.swift */; };
		8D004B5B21788E1C004F22F8 /* BuildSettings.swift in Sources */ = {isa = PBXBuildFile; fileRef = 8D004B5A21788E1C004F22F8 /* BuildSettings.swift */; };
		8D0FBAA221732F220002DF86 /* Option.swift in Sources */ = {isa = PBXBuildFile; fileRef = 8D0FBAA121732F220002DF86 /* Option.swift */; };
		8D46E48821760710006351D5 /* Target.swift in Sources */ = {isa = PBXBuildFile; fileRef = 8D46E48721760710006351D5 /* Target.swift */; };
		8D64EFC6217FB21800BFE970 /* Definition.swift in Sources */ = {isa = PBXBuildFile; fileRef = 8D64EFC5217FB21800BFE970 /* Definition.swift */; };
		8D64EFC9217FC0CC00BFE970 /* CommonKey.swift in Sources */ = {isa = PBXBuildFile; fileRef = 8D64EFC8217FC0CC00BFE970 /* CommonKey.swift */; };
		8DC91AE62171EC31007ED116 /* main.swift in Sources */ = {isa = PBXBuildFile; fileRef = 8DC91AE52171EC31007ED116 /* main.swift */; };
		8DC91AF02171ED86007ED116 /* CommandLine.swift in Sources */ = {isa = PBXBuildFile; fileRef = 8DC91AEF2171ED86007ED116 /* CommandLine.swift */; };
		8DC91AF22171EE29007ED116 /* Sanitizer.swift in Sources */ = {isa = PBXBuildFile; fileRef = 8DC91AF12171EE29007ED116 /* Sanitizer.swift */; };
		8DC91AF42171F421007ED116 /* Detector.swift in Sources */ = {isa = PBXBuildFile; fileRef = 8DC91AF32171F421007ED116 /* Detector.swift */; };
		8DC91AF621726911007ED116 /* Template.swift in Sources */ = {isa = PBXBuildFile; fileRef = 8DC91AF521726911007ED116 /* Template.swift */; };
		8DC91AF921727D53007ED116 /* Playground.swift in Sources */ = {isa = PBXBuildFile; fileRef = 8DC91AF821727D53007ED116 /* Playground.swift */; };
/* End PBXBuildFile section */

/* Begin PBXFileReference section */
		8D004B5221786011004F22F8 /* TargetBuild.swift */ = {isa = PBXFileReference; lastKnownFileType = sourcecode.swift; path = TargetBuild.swift; sourceTree = "<group>"; };
		8D004B5521786522004F22F8 /* BuildPhases.swift */ = {isa = PBXFileReference; lastKnownFileType = sourcecode.swift; path = BuildPhases.swift; sourceTree = "<group>"; };
		8D004B5821788DDC004F22F8 /* BuildDependencies.swift */ = {isa = PBXFileReference; lastKnownFileType = sourcecode.swift; path = BuildDependencies.swift; sourceTree = "<group>"; };
		8D004B5A21788E1C004F22F8 /* BuildSettings.swift */ = {isa = PBXFileReference; lastKnownFileType = sourcecode.swift; path = BuildSettings.swift; sourceTree = "<group>"; };
		8D0FBAA121732F220002DF86 /* Option.swift */ = {isa = PBXFileReference; lastKnownFileType = sourcecode.swift; path = Option.swift; sourceTree = "<group>"; };
		8D46E48721760710006351D5 /* Target.swift */ = {isa = PBXFileReference; lastKnownFileType = sourcecode.swift; path = Target.swift; sourceTree = "<group>"; };
		8D64EFC5217FB21800BFE970 /* Definition.swift */ = {isa = PBXFileReference; lastKnownFileType = sourcecode.swift; path = Definition.swift; sourceTree = "<group>"; };
		8D64EFC8217FC0CC00BFE970 /* CommonKey.swift */ = {isa = PBXFileReference; lastKnownFileType = sourcecode.swift; path = CommonKey.swift; sourceTree = "<group>"; };
		8D676F78229082150054D656 /* macOS.xcconfig */ = {isa = PBXFileReference; lastKnownFileType = text.xcconfig; path = macOS.xcconfig; sourceTree = "<group>"; };
		8DC91AE22171EC31007ED116 /* template-query */ = {isa = PBXFileReference; explicitFileType = "compiled.mach-o.executable"; includeInIndex = 0; path = "template-query"; sourceTree = BUILT_PRODUCTS_DIR; };
		8DC91AE52171EC31007ED116 /* main.swift */ = {isa = PBXFileReference; lastKnownFileType = sourcecode.swift; path = main.swift; sourceTree = "<group>"; };
		8DC91AEF2171ED86007ED116 /* CommandLine.swift */ = {isa = PBXFileReference; fileEncoding = 4; lastKnownFileType = sourcecode.swift; path = CommandLine.swift; sourceTree = "<group>"; };
		8DC91AF12171EE29007ED116 /* Sanitizer.swift */ = {isa = PBXFileReference; lastKnownFileType = sourcecode.swift; path = Sanitizer.swift; sourceTree = "<group>"; };
		8DC91AF32171F421007ED116 /* Detector.swift */ = {isa = PBXFileReference; lastKnownFileType = sourcecode.swift; path = Detector.swift; sourceTree = "<group>"; };
		8DC91AF521726911007ED116 /* Template.swift */ = {isa = PBXFileReference; lastKnownFileType = sourcecode.swift; path = Template.swift; sourceTree = "<group>"; };
		8DC91AF821727D53007ED116 /* Playground.swift */ = {isa = PBXFileReference; lastKnownFileType = sourcecode.swift; path = Playground.swift; sourceTree = "<group>"; };
/* End PBXFileReference section */

/* Begin PBXGroup section */
		8D004B5021785F4E004F22F8 /* Types */ = {
			isa = PBXGroup;
			children = (
				8DC91AF821727D53007ED116 /* Playground.swift */,
			);
			path = Types;
			sourceTree = "<group>";
		};
		8D004B5121785FE3004F22F8 /* Target */ = {
			isa = PBXGroup;
			children = (
				8D46E48721760710006351D5 /* Target.swift */,
				8D004B5221786011004F22F8 /* TargetBuild.swift */,
				8D004B5821788DDC004F22F8 /* BuildDependencies.swift */,
				8D004B5521786522004F22F8 /* BuildPhases.swift */,
				8D004B5A21788E1C004F22F8 /* BuildSettings.swift */,
			);
			path = Target;
			sourceTree = "<group>";
		};
		8D64EFC7217FC0A200BFE970 /* Utils */ = {
			isa = PBXGroup;
			children = (
				8D64EFC8217FC0CC00BFE970 /* CommonKey.swift */,
			);
			path = Utils;
			sourceTree = "<group>";
		};
		8D676F77229082150054D656 /* Configuration */ = {
			isa = PBXGroup;
			children = (
				8D676F78229082150054D656 /* macOS.xcconfig */,
			);
			path = Configuration;
			sourceTree = "<group>";
		};
		8DC91AD92171EC31007ED116 = {
			isa = PBXGroup;
			children = (
				8D676F77229082150054D656 /* Configuration */,
				8DC91AE42171EC31007ED116 /* Source */,
				8DC91AE32171EC31007ED116 /* Products */,
			);
			sourceTree = "<group>";
		};
		8DC91AE32171EC31007ED116 /* Products */ = {
			isa = PBXGroup;
			children = (
				8DC91AE22171EC31007ED116 /* template-query */,
			);
			name = Products;
			sourceTree = "<group>";
		};
		8DC91AE42171EC31007ED116 /* Source */ = {
			isa = PBXGroup;
			children = (
				8DC91AE52171EC31007ED116 /* main.swift */,
				8DC91AF721727D2E007ED116 /* Template */,
				8DC91AEE2171ED7C007ED116 /* Utils */,
			);
			path = Source;
			sourceTree = "<group>";
		};
		8DC91AEE2171ED7C007ED116 /* Utils */ = {
			isa = PBXGroup;
			children = (
				8DC91AEF2171ED86007ED116 /* CommandLine.swift */,
				8DC91AF12171EE29007ED116 /* Sanitizer.swift */,
				8DC91AF32171F421007ED116 /* Detector.swift */,
			);
			path = Utils;
			sourceTree = "<group>";
		};
		8DC91AF721727D2E007ED116 /* Template */ = {
			isa = PBXGroup;
			children = (
				8DC91AF521726911007ED116 /* Template.swift */,
				8D64EFC5217FB21800BFE970 /* Definition.swift */,
				8D0FBAA121732F220002DF86 /* Option.swift */,
				8D004B5121785FE3004F22F8 /* Target */,
				8D64EFC7217FC0A200BFE970 /* Utils */,
				8D004B5021785F4E004F22F8 /* Types */,
			);
			path = Template;
			sourceTree = "<group>";
		};
/* End PBXGroup section */

/* Begin PBXNativeTarget section */
		8DC91AE12171EC31007ED116 /* template-query */ = {
			isa = PBXNativeTarget;
			buildConfigurationList = 8DC91AE92171EC31007ED116 /* Build configuration list for PBXNativeTarget "template-query" */;
			buildPhases = (
				8DC91ADE2171EC31007ED116 /* Sources */,
				8D004B57217876EF004F22F8 /* ShellScript */,
			);
			buildRules = (
			);
			dependencies = (
			);
			name = "template-query";
			productName = "Template Query";
			productReference = 8DC91AE22171EC31007ED116 /* template-query */;
			productType = "com.apple.product-type.tool";
		};
/* End PBXNativeTarget section */

/* Begin PBXProject section */
		8DC91ADA2171EC31007ED116 /* Project object */ = {
			isa = PBXProject;
			attributes = {
				LastSwiftUpdateCheck = 1000;
				LastUpgradeCheck = 1000;
				ORGANIZATIONNAME = "Marcos Sanchez-Dehesa";
				TargetAttributes = {
					8DC91AE12171EC31007ED116 = {
						CreatedOnToolsVersion = 10.0;
					};
				};
			};
			buildConfigurationList = 8DC91ADD2171EC31007ED116 /* Build configuration list for PBXProject "Template Query" */;
			compatibilityVersion = "Xcode 10.0";
			developmentRegion = en;
			hasScannedForEncodings = 0;
			knownRegions = (
				en,
				Base,
			);
			mainGroup = 8DC91AD92171EC31007ED116;
			productRefGroup = 8DC91AE32171EC31007ED116 /* Products */;
			projectDirPath = "";
			projectRoot = "";
			targets = (
				8DC91AE12171EC31007ED116 /* template-query */,
			);
		};
/* End PBXProject section */

/* Begin PBXShellScriptBuildPhase section */
		8D004B57217876EF004F22F8 /* ShellScript */ = {
			isa = PBXShellScriptBuildPhase;
			buildActionMask = 2147483647;
			files = (
			);
			inputFileListPaths = (
			);
			inputPaths = (
			);
			outputFileListPaths = (
			);
			outputPaths = (
			);
			runOnlyForDeploymentPostprocessing = 0;
			shellPath = /bin/sh;
			shellScript = "# Type a script or drag a script file from your workspace to insert its path.\n";
		};
/* End PBXShellScriptBuildPhase section */

/* Begin PBXSourcesBuildPhase section */
		8DC91ADE2171EC31007ED116 /* Sources */ = {
			isa = PBXSourcesBuildPhase;
			buildActionMask = 2147483647;
			files = (
				8DC91AF02171ED86007ED116 /* CommandLine.swift in Sources */,
				8DC91AF22171EE29007ED116 /* Sanitizer.swift in Sources */,
				8DC91AF42171F421007ED116 /* Detector.swift in Sources */,
				8DC91AF621726911007ED116 /* Template.swift in Sources */,
				8D64EFC9217FC0CC00BFE970 /* CommonKey.swift in Sources */,
				8D0FBAA221732F220002DF86 /* Option.swift in Sources */,
				8D64EFC6217FB21800BFE970 /* Definition.swift in Sources */,
				8D46E48821760710006351D5 /* Target.swift in Sources */,
				8D004B5321786011004F22F8 /* TargetBuild.swift in Sources */,
				8D004B5B21788E1C004F22F8 /* BuildSettings.swift in Sources */,
				8D004B5921788DDC004F22F8 /* BuildDependencies.swift in Sources */,
				8D004B5621786522004F22F8 /* BuildPhases.swift in Sources */,
				8DC91AF921727D53007ED116 /* Playground.swift in Sources */,
				8DC91AE62171EC31007ED116 /* main.swift in Sources */,
			);
			runOnlyForDeploymentPostprocessing = 0;
		};
/* End PBXSourcesBuildPhase section */

/* Begin XCBuildConfiguration section */
		8DC91AE72171EC31007ED116 /* Debug */ = {
			isa = XCBuildConfiguration;
			buildSettings = {
				ALWAYS_SEARCH_USER_PATHS = NO;
				CLANG_ANALYZER_NONNULL = YES;
				CLANG_ANALYZER_NUMBER_OBJECT_CONVERSION = YES_AGGRESSIVE;
				CLANG_CXX_LANGUAGE_STANDARD = "gnu++14";
				CLANG_CXX_LIBRARY = "libc++";
				CLANG_ENABLE_MODULES = YES;
				CLANG_ENABLE_OBJC_ARC = YES;
				CLANG_ENABLE_OBJC_WEAK = YES;
				CLANG_WARN_BLOCK_CAPTURE_AUTORELEASING = YES;
				CLANG_WARN_BOOL_CONVERSION = YES;
				CLANG_WARN_COMMA = YES;
				CLANG_WARN_CONSTANT_CONVERSION = YES;
				CLANG_WARN_DEPRECATED_OBJC_IMPLEMENTATIONS = YES;
				CLANG_WARN_DIRECT_OBJC_ISA_USAGE = YES_ERROR;
				CLANG_WARN_DOCUMENTATION_COMMENTS = YES;
				CLANG_WARN_EMPTY_BODY = YES;
				CLANG_WARN_ENUM_CONVERSION = YES;
				CLANG_WARN_INFINITE_RECURSION = YES;
				CLANG_WARN_INT_CONVERSION = YES;
				CLANG_WARN_NON_LITERAL_NULL_CONVERSION = YES;
				CLANG_WARN_OBJC_IMPLICIT_RETAIN_SELF = YES;
				CLANG_WARN_OBJC_LITERAL_CONVERSION = YES;
				CLANG_WARN_OBJC_ROOT_CLASS = YES_ERROR;
				CLANG_WARN_RANGE_LOOP_ANALYSIS = YES;
				CLANG_WARN_STRICT_PROTOTYPES = YES;
				CLANG_WARN_SUSPICIOUS_MOVE = YES;
				CLANG_WARN_UNGUARDED_AVAILABILITY = YES_AGGRESSIVE;
				CLANG_WARN_UNREACHABLE_CODE = YES;
				CLANG_WARN__DUPLICATE_METHOD_MATCH = YES;
				CODE_SIGN_IDENTITY = "Mac Developer";
				COPY_PHASE_STRIP = NO;
				DEBUG_INFORMATION_FORMAT = dwarf;
				ENABLE_STRICT_OBJC_MSGSEND = YES;
				ENABLE_TESTABILITY = YES;
				GCC_C_LANGUAGE_STANDARD = gnu11;
				GCC_DYNAMIC_NO_PIC = NO;
				GCC_NO_COMMON_BLOCKS = YES;
				GCC_OPTIMIZATION_LEVEL = 0;
				GCC_PREPROCESSOR_DEFINITIONS = (
					"DEBUG=1",
					"$(inherited)",
				);
				GCC_WARN_64_TO_32_BIT_CONVERSION = YES;
				GCC_WARN_ABOUT_RETURN_TYPE = YES_ERROR;
				GCC_WARN_UNDECLARED_SELECTOR = YES;
				GCC_WARN_UNINITIALIZED_AUTOS = YES_AGGRESSIVE;
				GCC_WARN_UNUSED_FUNCTION = YES;
				GCC_WARN_UNUSED_VARIABLE = YES;
				MACOSX_DEPLOYMENT_TARGET = 10.14;
				MTL_ENABLE_DEBUG_INFO = INCLUDE_SOURCE;
				MTL_FAST_MATH = YES;
				ONLY_ACTIVE_ARCH = YES;
				SDKROOT = macosx;
				SWIFT_ACTIVE_COMPILATION_CONDITIONS = DEBUG;
				SWIFT_OPTIMIZATION_LEVEL = "-Onone";
			};
			name = Debug;
		};
		8DC91AE82171EC31007ED116 /* Release */ = {
			isa = XCBuildConfiguration;
			buildSettings = {
				ALWAYS_SEARCH_USER_PATHS = NO;
				CLANG_ANALYZER_NONNULL = YES;
				CLANG_ANALYZER_NUMBER_OBJECT_CONVERSION = YES_AGGRESSIVE;
				CLANG_CXX_LANGUAGE_STANDARD = "gnu++14";
				CLANG_CXX_LIBRARY = "libc++";
				CLANG_ENABLE_MODULES = YES;
				CLANG_ENABLE_OBJC_ARC = YES;
				CLANG_ENABLE_OBJC_WEAK = YES;
				CLANG_WARN_BLOCK_CAPTURE_AUTORELEASING = YES;
				CLANG_WARN_BOOL_CONVERSION = YES;
				CLANG_WARN_COMMA = YES;
				CLANG_WARN_CONSTANT_CONVERSION = YES;
				CLANG_WARN_DEPRECATED_OBJC_IMPLEMENTATIONS = YES;
				CLANG_WARN_DIRECT_OBJC_ISA_USAGE = YES_ERROR;
				CLANG_WARN_DOCUMENTATION_COMMENTS = YES;
				CLANG_WARN_EMPTY_BODY = YES;
				CLANG_WARN_ENUM_CONVERSION = YES;
				CLANG_WARN_INFINITE_RECURSION = YES;
				CLANG_WARN_INT_CONVERSION = YES;
				CLANG_WARN_NON_LITERAL_NULL_CONVERSION = YES;
				CLANG_WARN_OBJC_IMPLICIT_RETAIN_SELF = YES;
				CLANG_WARN_OBJC_LITERAL_CONVERSION = YES;
				CLANG_WARN_OBJC_ROOT_CLASS = YES_ERROR;
				CLANG_WARN_RANGE_LOOP_ANALYSIS = YES;
				CLANG_WARN_STRICT_PROTOTYPES = YES;
				CLANG_WARN_SUSPICIOUS_MOVE = YES;
				CLANG_WARN_UNGUARDED_AVAILABILITY = YES_AGGRESSIVE;
				CLANG_WARN_UNREACHABLE_CODE = YES;
				CLANG_WARN__DUPLICATE_METHOD_MATCH = YES;
				CODE_SIGN_IDENTITY = "Mac Developer";
				COPY_PHASE_STRIP = NO;
				DEBUG_INFORMATION_FORMAT = "dwarf-with-dsym";
				ENABLE_NS_ASSERTIONS = NO;
				ENABLE_STRICT_OBJC_MSGSEND = YES;
				GCC_C_LANGUAGE_STANDARD = gnu11;
				GCC_NO_COMMON_BLOCKS = YES;
				GCC_WARN_64_TO_32_BIT_CONVERSION = YES;
				GCC_WARN_ABOUT_RETURN_TYPE = YES_ERROR;
				GCC_WARN_UNDECLARED_SELECTOR = YES;
				GCC_WARN_UNINITIALIZED_AUTOS = YES_AGGRESSIVE;
				GCC_WARN_UNUSED_FUNCTION = YES;
				GCC_WARN_UNUSED_VARIABLE = YES;
				MACOSX_DEPLOYMENT_TARGET = 10.14;
				MTL_ENABLE_DEBUG_INFO = NO;
				MTL_FAST_MATH = YES;
				SDKROOT = macosx;
				SWIFT_COMPILATION_MODE = wholemodule;
				SWIFT_OPTIMIZATION_LEVEL = "-O";
			};
			name = Release;
		};
		8DC91AEA2171EC31007ED116 /* Debug */ = {
			isa = XCBuildConfiguration;
			baseConfigurationReference = 8D676F78229082150054D656 /* macOS.xcconfig */;
			buildSettings = {
				CODE_SIGN_STYLE = Automatic;
				DEVELOPMENT_TEAM = V4LZL56CA7;
			};
			name = Debug;
		};
		8DC91AEB2171EC31007ED116 /* Release */ = {
			isa = XCBuildConfiguration;
			baseConfigurationReference = 8D676F78229082150054D656 /* macOS.xcconfig */;
			buildSettings = {
				CODE_SIGN_STYLE = Automatic;
				DEVELOPMENT_TEAM = V4LZL56CA7;
			};
			name = Release;
		};
/* End XCBuildConfiguration section */

/* Begin XCConfigurationList section */
		8DC91ADD2171EC31007ED116 /* Build configuration list for PBXProject "Template Query" */ = {
			isa = XCConfigurationList;
			buildConfigurations = (
				8DC91AE72171EC31007ED116 /* Debug */,
				8DC91AE82171EC31007ED116 /* Release */,
			);
			defaultConfigurationIsVisible = 0;
			defaultConfigurationName = Release;
		};
		8DC91AE92171EC31007ED116 /* Build configuration list for PBXNativeTarget "template-query" */ = {
			isa = XCConfigurationList;
			buildConfigurations = (
				8DC91AEA2171EC31007ED116 /* Debug */,
				8DC91AEB2171EC31007ED116 /* Release */,
			);
			defaultConfigurationIsVisible = 0;
			defaultConfigurationName = Release;
		};
/* End XCConfigurationList section */
	};
	rootObject = 8DC91ADA2171EC31007ED116 /* Project object */;
}
