// !$*UTF8*$!
{
	archiveVersion = 1;
	classes = {
	};
	objectVersion = 51;
	objects = {

/* Begin PBXBuildFile section */
		8DC91ABD2171E9B7007ED116 /* main.swift in Sources */ = {isa = PBXBuildFile; fileRef = 8DC91ABC2171E9B7007ED116 /* main.swift */; };
		8DC91ACF2171EAC6007ED116 /* Detector.swift in Sources */ = {isa = PBXBuildFile; fileRef = 8DC91AC52171EAC5007ED116 /* Detector.swift */; };
		8DC91AD02171EAC6007ED116 /* Updater.swift in Sources */ = {isa = PBXBuildFile; fileRef = 8DC91AC62171EAC5007ED116 /* Updater.swift */; };
		8DC91AD12171EAC6007ED116 /* Sanitizer.swift in Sources */ = {isa = PBXBuildFile; fileRef = 8DC91AC72171EAC6007ED116 /* Sanitizer.swift */; };
		8DC91AD32171EAC6007ED116 /* Trap.swift in Sources */ = {isa = PBXBuildFile; fileRef = 8DC91ACA2171EAC6007ED116 /* Trap.swift */; };
		8DC91AD42171EAC6007ED116 /* CommandLine.swift in Sources */ = {isa = PBXBuildFile; fileRef = 8DC91ACB2171EAC6007ED116 /* CommandLine.swift */; };
/* End PBXBuildFile section */

/* Begin PBXCopyFilesBuildPhase section */
		8DC91AB72171E9B7007ED116 /* CopyFiles */ = {
			isa = PBXCopyFilesBuildPhase;
			buildActionMask = 2147483647;
			dstPath = /usr/share/man/man1/;
			dstSubfolderSpec = 0;
			files = (
			);
			runOnlyForDeploymentPostprocessing = 1;
		};
/* End PBXCopyFilesBuildPhase section */

/* Begin PBXFileReference section */
		8DC91AB92171E9B7007ED116 /* template-query */ = {isa = PBXFileReference; explicitFileType = "compiled.mach-o.executable"; includeInIndex = 0; path = "template-query"; sourceTree = BUILT_PRODUCTS_DIR; };
		8DC91ABC2171E9B7007ED116 /* main.swift */ = {isa = PBXFileReference; lastKnownFileType = sourcecode.swift; path = main.swift; sourceTree = "<group>"; };
		8DC91AC42171EA19007ED116 /* macOS.xcconfig */ = {isa = PBXFileReference; lastKnownFileType = text.xcconfig; path = macOS.xcconfig; sourceTree = "<group>"; };
		8DC91AC52171EAC5007ED116 /* Detector.swift */ = {isa = PBXFileReference; fileEncoding = 4; lastKnownFileType = sourcecode.swift; path = Detector.swift; sourceTree = "<group>"; };
		8DC91AC62171EAC5007ED116 /* Updater.swift */ = {isa = PBXFileReference; fileEncoding = 4; lastKnownFileType = sourcecode.swift; path = Updater.swift; sourceTree = "<group>"; };
		8DC91AC72171EAC6007ED116 /* Sanitizer.swift */ = {isa = PBXFileReference; fileEncoding = 4; lastKnownFileType = sourcecode.swift; path = Sanitizer.swift; sourceTree = "<group>"; };
		8DC91ACA2171EAC6007ED116 /* Trap.swift */ = {isa = PBXFileReference; fileEncoding = 4; lastKnownFileType = sourcecode.swift; path = Trap.swift; sourceTree = "<group>"; };
		8DC91ACB2171EAC6007ED116 /* CommandLine.swift */ = {isa = PBXFileReference; fileEncoding = 4; lastKnownFileType = sourcecode.swift; path = CommandLine.swift; sourceTree = "<group>"; };
/* End PBXFileReference section */

/* Begin PBXFrameworksBuildPhase section */
		8DC91AB62171E9B7007ED116 /* Frameworks */ = {
			isa = PBXFrameworksBuildPhase;
			buildActionMask = 2147483647;
			files = (
			);
			runOnlyForDeploymentPostprocessing = 0;
		};
/* End PBXFrameworksBuildPhase section */

/* Begin PBXGroup section */
		8DC91AB02171E9B7007ED116 = {
			isa = PBXGroup;
			children = (
				8DC91AC32171E9DC007ED116 /* Configuration */,
				8DC91ABB2171E9B7007ED116 /* Source */,
				8DC91ABA2171E9B7007ED116 /* Products */,
			);
			sourceTree = "<group>";
		};
		8DC91ABA2171E9B7007ED116 /* Products */ = {
			isa = PBXGroup;
			children = (
				8DC91AB92171E9B7007ED116 /* template-query */,
			);
			name = Products;
			sourceTree = "<group>";
		};
		8DC91ABB2171E9B7007ED116 /* Source */ = {
			isa = PBXGroup;
			children = (
				8DC91ABC2171E9B7007ED116 /* main.swift */,
				8DC91AC72171EAC6007ED116 /* Sanitizer.swift */,
				8DC91AC52171EAC5007ED116 /* Detector.swift */,
				8DC91AC62171EAC5007ED116 /* Updater.swift */,
				8DC91AC92171EAC6007ED116 /* Utils */,
			);
			path = Source;
			sourceTree = "<group>";
		};
		8DC91AC32171E9DC007ED116 /* Configuration */ = {
			isa = PBXGroup;
			children = (
				8DC91AC42171EA19007ED116 /* macOS.xcconfig */,
			);
			path = Configuration;
			sourceTree = "<group>";
		};
		8DC91AC92171EAC6007ED116 /* Utils */ = {
			isa = PBXGroup;
			children = (
				8DC91ACB2171EAC6007ED116 /* CommandLine.swift */,
				8DC91ACA2171EAC6007ED116 /* Trap.swift */,
			);
			path = Utils;
			sourceTree = "<group>";
		};
/* End PBXGroup section */

/* Begin PBXNativeTarget section */
		8DC91AB82171E9B7007ED116 /* git-update */ = {
			isa = PBXNativeTarget;
			buildConfigurationList = 8DC91AC02171E9B7007ED116 /* Build configuration list for PBXNativeTarget "git-update" */;
			buildPhases = (
				8DC91AB52171E9B7007ED116 /* Sources */,
				8DC91AB62171E9B7007ED116 /* Frameworks */,
				8DC91AB72171E9B7007ED116 /* CopyFiles */,
			);
			buildRules = (
			);
			dependencies = (
			);
			name = "git-update";
			productName = GitUpdate;
			productReference = 8DC91AB92171E9B7007ED116 /* template-query */;
			productType = "com.apple.product-type.tool";
		};
/* End PBXNativeTarget section */

/* Begin PBXProject section */
		8DC91AB12171E9B7007ED116 /* Project object */ = {
			isa = PBXProject;
			attributes = {
				LastSwiftUpdateCheck = 1000;
				LastUpgradeCheck = 1000;
				ORGANIZATIONNAME = "Marcos Sanchez-Dehesa";
				TargetAttributes = {
					8DC91AB82171E9B7007ED116 = {
						CreatedOnToolsVersion = 10.0;
					};
				};
			};
			buildConfigurationList = 8DC91AB42171E9B7007ED116 /* Build configuration list for PBXProject "Git Update" */;
			compatibilityVersion = "Xcode 10.0";
			developmentRegion = en;
			hasScannedForEncodings = 0;
			knownRegions = (
				en,
			);
			mainGroup = 8DC91AB02171E9B7007ED116;
			productRefGroup = 8DC91ABA2171E9B7007ED116 /* Products */;
			projectDirPath = "";
			projectRoot = "";
			targets = (
				8DC91AB82171E9B7007ED116 /* git-update */,
			);
		};
/* End PBXProject section */

/* Begin PBXSourcesBuildPhase section */
		8DC91AB52171E9B7007ED116 /* Sources */ = {
			isa = PBXSourcesBuildPhase;
			buildActionMask = 2147483647;
			files = (
				8DC91AD42171EAC6007ED116 /* CommandLine.swift in Sources */,
				8DC91AD32171EAC6007ED116 /* Trap.swift in Sources */,
				8DC91AD02171EAC6007ED116 /* Updater.swift in Sources */,
				8DC91ACF2171EAC6007ED116 /* Detector.swift in Sources */,
				8DC91AD12171EAC6007ED116 /* Sanitizer.swift in Sources */,
				8DC91ABD2171E9B7007ED116 /* main.swift in Sources */,
			);
			runOnlyForDeploymentPostprocessing = 0;
		};
/* End PBXSourcesBuildPhase section */

/* Begin XCBuildConfiguration section */
		8DC91ABE2171E9B7007ED116 /* Debug */ = {
			isa = XCBuildConfiguration;
			buildSettings = {
				ALWAYS_SEARCH_USER_PATHS = NO;
				CLANG_ANALYZER_NONNULL = YES;
				CLANG_ANALYZER_NUMBER_OBJECT_CONVERSION = YES_AGGRESSIVE;
				CLANG_CXX_LANGUAGE_STANDARD = "gnu++14";
				CLANG_CXX_LIBRARY = "libc++";
				CLANG_ENABLE_MODULES = YES;
				CLANG_ENABLE_OBJC_ARC = YES;
				CLANG_ENABLE_OBJC_WEAK = YES;
				CLANG_WARN_BLOCK_CAPTURE_AUTORELEASING = YES;
				CLANG_WARN_BOOL_CONVERSION = YES;
				CLANG_WARN_COMMA = YES;
				CLANG_WARN_CONSTANT_CONVERSION = YES;
				CLANG_WARN_DEPRECATED_OBJC_IMPLEMENTATIONS = YES;
				CLANG_WARN_DIRECT_OBJC_ISA_USAGE = YES_ERROR;
				CLANG_WARN_DOCUMENTATION_COMMENTS = YES;
				CLANG_WARN_EMPTY_BODY = YES;
				CLANG_WARN_ENUM_CONVERSION = YES;
				CLANG_WARN_INFINITE_RECURSION = YES;
				CLANG_WARN_INT_CONVERSION = YES;
				CLANG_WARN_NON_LITERAL_NULL_CONVERSION = YES;
				CLANG_WARN_OBJC_IMPLICIT_RETAIN_SELF = YES;
				CLANG_WARN_OBJC_LITERAL_CONVERSION = YES;
				CLANG_WARN_OBJC_ROOT_CLASS = YES_ERROR;
				CLANG_WARN_RANGE_LOOP_ANALYSIS = YES;
				CLANG_WARN_STRICT_PROTOTYPES = YES;
				CLANG_WARN_SUSPICIOUS_MOVE = YES;
				CLANG_WARN_UNGUARDED_AVAILABILITY = YES_AGGRESSIVE;
				CLANG_WARN_UNREACHABLE_CODE = YES;
				CLANG_WARN__DUPLICATE_METHOD_MATCH = YES;
				CODE_SIGN_IDENTITY = "Mac Developer";
				COPY_PHASE_STRIP = NO;
				DEBUG_INFORMATION_FORMAT = dwarf;
				ENABLE_STRICT_OBJC_MSGSEND = YES;
				ENABLE_TESTABILITY = YES;
				GCC_C_LANGUAGE_STANDARD = gnu11;
				GCC_DYNAMIC_NO_PIC = NO;
				GCC_NO_COMMON_BLOCKS = YES;
				GCC_OPTIMIZATION_LEVEL = 0;
				GCC_PREPROCESSOR_DEFINITIONS = (
					"DEBUG=1",
					"$(inherited)",
				);
				GCC_WARN_64_TO_32_BIT_CONVERSION = YES;
				GCC_WARN_ABOUT_RETURN_TYPE = YES_ERROR;
				GCC_WARN_UNDECLARED_SELECTOR = YES;
				GCC_WARN_UNINITIALIZED_AUTOS = YES_AGGRESSIVE;
				GCC_WARN_UNUSED_FUNCTION = YES;
				GCC_WARN_UNUSED_VARIABLE = YES;
				MACOSX_DEPLOYMENT_TARGET = 10.14;
				MTL_ENABLE_DEBUG_INFO = INCLUDE_SOURCE;
				MTL_FAST_MATH = YES;
				ONLY_ACTIVE_ARCH = YES;
				SDKROOT = macosx;
				SWIFT_ACTIVE_COMPILATION_CONDITIONS = DEBUG;
				SWIFT_OPTIMIZATION_LEVEL = "-Onone";
			};
			name = Debug;
		};
		8DC91ABF2171E9B7007ED116 /* Release */ = {
			isa = XCBuildConfiguration;
			buildSettings = {
				ALWAYS_SEARCH_USER_PATHS = NO;
				CLANG_ANALYZER_NONNULL = YES;
				CLANG_ANALYZER_NUMBER_OBJECT_CONVERSION = YES_AGGRESSIVE;
				CLANG_CXX_LANGUAGE_STANDARD = "gnu++14";
				CLANG_CXX_LIBRARY = "libc++";
				CLANG_ENABLE_MODULES = YES;
				CLANG_ENABLE_OBJC_ARC = YES;
				CLANG_ENABLE_OBJC_WEAK = YES;
				CLANG_WARN_BLOCK_CAPTURE_AUTORELEASING = YES;
				CLANG_WARN_BOOL_CONVERSION = YES;
				CLANG_WARN_COMMA = YES;
				CLANG_WARN_CONSTANT_CONVERSION = YES;
				CLANG_WARN_DEPRECATED_OBJC_IMPLEMENTATIONS = YES;
				CLANG_WARN_DIRECT_OBJC_ISA_USAGE = YES_ERROR;
				CLANG_WARN_DOCUMENTATION_COMMENTS = YES;
				CLANG_WARN_EMPTY_BODY = YES;
				CLANG_WARN_ENUM_CONVERSION = YES;
				CLANG_WARN_INFINITE_RECURSION = YES;
				CLANG_WARN_INT_CONVERSION = YES;
				CLANG_WARN_NON_LITERAL_NULL_CONVERSION = YES;
				CLANG_WARN_OBJC_IMPLICIT_RETAIN_SELF = YES;
				CLANG_WARN_OBJC_LITERAL_CONVERSION = YES;
				CLANG_WARN_OBJC_ROOT_CLASS = YES_ERROR;
				CLANG_WARN_RANGE_LOOP_ANALYSIS = YES;
				CLANG_WARN_STRICT_PROTOTYPES = YES;
				CLANG_WARN_SUSPICIOUS_MOVE = YES;
				CLANG_WARN_UNGUARDED_AVAILABILITY = YES_AGGRESSIVE;
				CLANG_WARN_UNREACHABLE_CODE = YES;
				CLANG_WARN__DUPLICATE_METHOD_MATCH = YES;
				CODE_SIGN_IDENTITY = "Mac Developer";
				COPY_PHASE_STRIP = NO;
				DEBUG_INFORMATION_FORMAT = "dwarf-with-dsym";
				ENABLE_NS_ASSERTIONS = NO;
				ENABLE_STRICT_OBJC_MSGSEND = YES;
				GCC_C_LANGUAGE_STANDARD = gnu11;
				GCC_NO_COMMON_BLOCKS = YES;
				GCC_WARN_64_TO_32_BIT_CONVERSION = YES;
				GCC_WARN_ABOUT_RETURN_TYPE = YES_ERROR;
				GCC_WARN_UNDECLARED_SELECTOR = YES;
				GCC_WARN_UNINITIALIZED_AUTOS = YES_AGGRESSIVE;
				GCC_WARN_UNUSED_FUNCTION = YES;
				GCC_WARN_UNUSED_VARIABLE = YES;
				MACOSX_DEPLOYMENT_TARGET = 10.14;
				MTL_ENABLE_DEBUG_INFO = NO;
				MTL_FAST_MATH = YES;
				SDKROOT = macosx;
				SWIFT_COMPILATION_MODE = wholemodule;
				SWIFT_OPTIMIZATION_LEVEL = "-O";
			};
			name = Release;
		};
		8DC91AC12171E9B7007ED116 /* Debug */ = {
			isa = XCBuildConfiguration;
			baseConfigurationReference = 8DC91AC42171EA19007ED116 /* macOS.xcconfig */;
			buildSettings = {
				CODE_SIGN_STYLE = Automatic;
				DEVELOPMENT_TEAM = V4LZL56CA7;
			};
			name = Debug;
		};
		8DC91AC22171E9B7007ED116 /* Release */ = {
			isa = XCBuildConfiguration;
			baseConfigurationReference = 8DC91AC42171EA19007ED116 /* macOS.xcconfig */;
			buildSettings = {
				CODE_SIGN_STYLE = Automatic;
				DEVELOPMENT_TEAM = V4LZL56CA7;
			};
			name = Release;
		};
/* End XCBuildConfiguration section */

/* Begin XCConfigurationList section */
		8DC91AB42171E9B7007ED116 /* Build configuration list for PBXProject "Git Update" */ = {
			isa = XCConfigurationList;
			buildConfigurations = (
				8DC91ABE2171E9B7007ED116 /* Debug */,
				8DC91ABF2171E9B7007ED116 /* Release */,
			);
			defaultConfigurationIsVisible = 0;
			defaultConfigurationName = Release;
		};
		8DC91AC02171E9B7007ED116 /* Build configuration list for PBXNativeTarget "git-update" */ = {
			isa = XCConfigurationList;
			buildConfigurations = (
				8DC91AC12171E9B7007ED116 /* Debug */,
				8DC91AC22171E9B7007ED116 /* Release */,
			);
			defaultConfigurationIsVisible = 0;
			defaultConfigurationName = Release;
		};
/* End XCConfigurationList section */
	};
	rootObject = 8DC91AB12171E9B7007ED116 /* Project object */;
}
